
Microsoft Visual Studio Solution File, Format Version 12.00
# Visual Studio Version 17
VisualStudioVersion = 17.3.32901.215
MinimumVisualStudioVersion = 10.0.40219.1
Project("{9A19103F-16F7-4668-BE54-9A1E7A4F7556}") = "a1oop", "a1oop.csproj", "{73CB86F1-BF33-4D0B-921D-D866DF9876EE}"
EndProject
Project("{FAE04EC0-301F-11D3-BF4B-00C04F79EFBC}") = "TestMatrix", "..\TestMatrix\TestMatrix.csproj", "{EFF05716-1940-4B09-95EC-1CEDD3EA4626}"
EndProject
Global
	GlobalSection(SolutionConfigurationPlatforms) = preSolution
		Debug|Any CPU = Debug|Any CPU
		Release|Any CPU = Release|Any CPU
	EndGlobalSection
	GlobalSection(ProjectConfigurationPlatforms) = postSolution
		{73CB86F1-BF33-4D0B-921D-D866DF9876EE}.Debug|Any CPU.ActiveCfg = Debug|Any CPU
		{73CB86F1-BF33-4D0B-921D-D866DF9876EE}.Debug|Any CPU.Build.0 = Debug|Any CPU
		{73CB86F1-BF33-4D0B-921D-D866DF9876EE}.Release|Any CPU.ActiveCfg = Release|Any CPU
		{73CB86F1-BF33-4D0B-921D-D866DF9876EE}.Release|Any CPU.Build.0 = Release|Any CPU
		{EFF05716-1940-4B09-95EC-1CEDD3EA4626}.Debug|Any CPU.ActiveCfg = Debug|Any CPU
		{EFF05716-1940-4B09-95EC-1CEDD3EA4626}.Debug|Any CPU.Build.0 = Debug|Any CPU
		{EFF05716-1940-4B09-95EC-1CEDD3EA4626}.Release|Any CPU.ActiveCfg = Release|Any CPU
		{EFF05716-1940-4B09-95EC-1CEDD3EA4626}.Release|Any CPU.Build.0 = Release|Any CPU
	EndGlobalSection
	GlobalSection(SolutionProperties) = preSolution
		HideSolutionNode = FALSE
	EndGlobalSection
	GlobalSection(ExtensibilityGlobals) = postSolution
		SolutionGuid = {E5D0FC8A-D9C5-4CC0-AEC6-ED0BA0F319C6}
	EndGlobalSection
EndGlobal
